
Microsoft Visual Studio Solution File, Format Version 12.00
# Visual Studio Version 17
VisualStudioVersion = 17.3.32922.545
MinimumVisualStudioVersion = 10.0.40219.1
Project("{FAE04EC0-301F-11D3-BF4B-00C04F79EFBC}") = "tema matrice acasa", "WindowsFormsApp1\tema matrice acasa.csproj", "{C0BE7D8A-A8A7-4A51-92A9-520AE93614EF}"
EndProject
Global
	GlobalSection(SolutionConfigurationPlatforms) = preSolution
		Debug|Any CPU = Debug|Any CPU
		Release|Any CPU = Release|Any CPU
	EndGlobalSection
	GlobalSection(ProjectConfigurationPlatforms) = postSolution
		{C0BE7D8A-A8A7-4A51-92A9-520AE93614EF}.Debug|Any CPU.ActiveCfg = Debug|Any CPU
		{C0BE7D8A-A8A7-4A51-92A9-520AE93614EF}.Debug|Any CPU.Build.0 = Debug|Any CPU
		{C0BE7D8A-A8A7-4A51-92A9-520AE93614EF}.Release|Any CPU.ActiveCfg = Release|Any CPU
		{C0BE7D8A-A8A7-4A51-92A9-520AE93614EF}.Release|Any CPU.Build.0 = Release|Any CPU
	EndGlobalSection
	GlobalSection(SolutionProperties) = preSolution
		HideSolutionNode = FALSE
	EndGlobalSection
	GlobalSection(ExtensibilityGlobals) = postSolution
		SolutionGuid = {2F981161-2D8E-4F77-A417-9F6EB1EE06BB}
	EndGlobalSection
EndGlobal
